// !$*UTF8*$!
{
	archiveVersion = 1;
	classes = {
	};
	objectVersion = 50;
	objects = {

/* Begin PBXBuildFile section */
		69A6A242232376E60001EA85 /* AppDelegate.swift in Sources */ = {isa = PBXBuildFile; fileRef = 69A6A241232376E60001EA85 /* AppDelegate.swift */; };
		69A6A244232376E60001EA85 /* ViewController.swift in Sources */ = {isa = PBXBuildFile; fileRef = 69A6A243232376E60001EA85 /* ViewController.swift */; };
		69A6A247232376E60001EA85 /* Main.storyboard in Resources */ = {isa = PBXBuildFile; fileRef = 69A6A245232376E60001EA85 /* Main.storyboard */; };
		69A6A249232376E80001EA85 /* Assets.xcassets in Resources */ = {isa = PBXBuildFile; fileRef = 69A6A248232376E80001EA85 /* Assets.xcassets */; };
		69A6A24C232376E80001EA85 /* LaunchScreen.storyboard in Resources */ = {isa = PBXBuildFile; fileRef = 69A6A24A232376E80001EA85 /* LaunchScreen.storyboard */; };
		69A6A257232376E80001EA85 /* Swift_ChallengeTests.swift in Sources */ = {isa = PBXBuildFile; fileRef = 69A6A256232376E80001EA85 /* Swift_ChallengeTests.swift */; };
		69A6A262232376E80001EA85 /* Swift_ChallengeUITests.swift in Sources */ = {isa = PBXBuildFile; fileRef = 69A6A261232376E80001EA85 /* Swift_ChallengeUITests.swift */; };
/* End PBXBuildFile section */

/* Begin PBXContainerItemProxy section */
		69A6A253232376E80001EA85 /* PBXContainerItemProxy */ = {
			isa = PBXContainerItemProxy;
			containerPortal = 69A6A236232376E60001EA85 /* Project object */;
			proxyType = 1;
			remoteGlobalIDString = 69A6A23D232376E60001EA85;
			remoteInfo = "Swift Challenge";
		};
		69A6A25E232376E80001EA85 /* PBXContainerItemProxy */ = {
			isa = PBXContainerItemProxy;
			containerPortal = 69A6A236232376E60001EA85 /* Project object */;
			proxyType = 1;
			remoteGlobalIDString = 69A6A23D232376E60001EA85;
			remoteInfo = "Swift Challenge";
		};
/* End PBXContainerItemProxy section */

/* Begin PBXFileReference section */
		69A6A23E232376E60001EA85 /* Swift Challenge.app */ = {isa = PBXFileReference; explicitFileType = wrapper.application; includeInIndex = 0; path = "Swift Challenge.app"; sourceTree = BUILT_PRODUCTS_DIR; };
		69A6A241232376E60001EA85 /* AppDelegate.swift */ = {isa = PBXFileReference; lastKnownFileType = sourcecode.swift; path = AppDelegate.swift; sourceTree = "<group>"; };
		69A6A243232376E60001EA85 /* ViewController.swift */ = {isa = PBXFileReference; lastKnownFileType = sourcecode.swift; path = ViewController.swift; sourceTree = "<group>"; };
		69A6A246232376E60001EA85 /* Base */ = {isa = PBXFileReference; lastKnownFileType = file.storyboard; name = Base; path = Base.lproj/Main.storyboard; sourceTree = "<group>"; };
		69A6A248232376E80001EA85 /* Assets.xcassets */ = {isa = PBXFileReference; lastKnownFileType = folder.assetcatalog; path = Assets.xcassets; sourceTree = "<group>"; };
		69A6A24B232376E80001EA85 /* Base */ = {isa = PBXFileReference; lastKnownFileType = file.storyboard; name = Base; path = Base.lproj/LaunchScreen.storyboard; sourceTree = "<group>"; };
		69A6A24D232376E80001EA85 /* Info.plist */ = {isa = PBXFileReference; lastKnownFileType = text.plist.xml; path = Info.plist; sourceTree = "<group>"; };
		69A6A252232376E80001EA85 /* Swift ChallengeTests.xctest */ = {isa = PBXFileReference; explicitFileType = wrapper.cfbundle; includeInIndex = 0; path = "Swift ChallengeTests.xctest"; sourceTree = BUILT_PRODUCTS_DIR; };
		69A6A256232376E80001EA85 /* Swift_ChallengeTests.swift */ = {isa = PBXFileReference; lastKnownFileType = sourcecode.swift; path = Swift_ChallengeTests.swift; sourceTree = "<group>"; };
		69A6A258232376E80001EA85 /* Info.plist */ = {isa = PBXFileReference; lastKnownFileType = text.plist.xml; path = Info.plist; sourceTree = "<group>"; };
		69A6A25D232376E80001EA85 /* Swift ChallengeUITests.xctest */ = {isa = PBXFileReference; explicitFileType = wrapper.cfbundle; includeInIndex = 0; path = "Swift ChallengeUITests.xctest"; sourceTree = BUILT_PRODUCTS_DIR; };
		69A6A261232376E80001EA85 /* Swift_ChallengeUITests.swift */ = {isa = PBXFileReference; lastKnownFileType = sourcecode.swift; path = Swift_ChallengeUITests.swift; sourceTree = "<group>"; };
		69A6A263232376E80001EA85 /* Info.plist */ = {isa = PBXFileReference; lastKnownFileType = text.plist.xml; path = Info.plist; sourceTree = "<group>"; };
/* End PBXFileReference section */

/* Begin PBXFrameworksBuildPhase section */
		69A6A23B232376E60001EA85 /* Frameworks */ = {
			isa = PBXFrameworksBuildPhase;
			buildActionMask = 2147483647;
			files = (
			);
			runOnlyForDeploymentPostprocessing = 0;
		};
		69A6A24F232376E80001EA85 /* Frameworks */ = {
			isa = PBXFrameworksBuildPhase;
			buildActionMask = 2147483647;
			files = (
			);
			runOnlyForDeploymentPostprocessing = 0;
		};
		69A6A25A232376E80001EA85 /* Frameworks */ = {
			isa = PBXFrameworksBuildPhase;
			buildActionMask = 2147483647;
			files = (
			);
			runOnlyForDeploymentPostprocessing = 0;
		};
/* End PBXFrameworksBuildPhase section */

/* Begin PBXGroup section */
		69A6A235232376E60001EA85 = {
			isa = PBXGroup;
			children = (
				69A6A240232376E60001EA85 /* Swift Challenge */,
				69A6A255232376E80001EA85 /* Swift ChallengeTests */,
				69A6A260232376E80001EA85 /* Swift ChallengeUITests */,
				69A6A23F232376E60001EA85 /* Products */,
			);
			sourceTree = "<group>";
		};
		69A6A23F232376E60001EA85 /* Products */ = {
			isa = PBXGroup;
			children = (
				69A6A23E232376E60001EA85 /* Swift Challenge.app */,
				69A6A252232376E80001EA85 /* Swift ChallengeTests.xctest */,
				69A6A25D232376E80001EA85 /* Swift ChallengeUITests.xctest */,
			);
			name = Products;
			sourceTree = "<group>";
		};
		69A6A240232376E60001EA85 /* Swift Challenge */ = {
			isa = PBXGroup;
			children = (
				69A6A241232376E60001EA85 /* AppDelegate.swift */,
				69A6A243232376E60001EA85 /* ViewController.swift */,
				69A6A245232376E60001EA85 /* Main.storyboard */,
				69A6A248232376E80001EA85 /* Assets.xcassets */,
				69A6A24A232376E80001EA85 /* LaunchScreen.storyboard */,
				69A6A24D232376E80001EA85 /* Info.plist */,
			);
			path = "Swift Challenge";
			sourceTree = "<group>";
		};
		69A6A255232376E80001EA85 /* Swift ChallengeTests */ = {
			isa = PBXGroup;
			children = (
				69A6A256232376E80001EA85 /* Swift_ChallengeTests.swift */,
				69A6A258232376E80001EA85 /* Info.plist */,
			);
			path = "Swift ChallengeTests";
			sourceTree = "<group>";
		};
		69A6A260232376E80001EA85 /* Swift ChallengeUITests */ = {
			isa = PBXGroup;
			children = (
				69A6A261232376E80001EA85 /* Swift_ChallengeUITests.swift */,
				69A6A263232376E80001EA85 /* Info.plist */,
			);
			path = "Swift ChallengeUITests";
			sourceTree = "<group>";
		};
/* End PBXGroup section */

/* Begin PBXNativeTarget section */
		69A6A23D232376E60001EA85 /* Swift Challenge */ = {
			isa = PBXNativeTarget;
			buildConfigurationList = 69A6A266232376E80001EA85 /* Build configuration list for PBXNativeTarget "Swift Challenge" */;
			buildPhases = (
				69A6A23A232376E60001EA85 /* Sources */,
				69A6A23B232376E60001EA85 /* Frameworks */,
				69A6A23C232376E60001EA85 /* Resources */,
			);
			buildRules = (
			);
			dependencies = (
			);
			name = "Swift Challenge";
			productName = "Swift Challenge";
			productReference = 69A6A23E232376E60001EA85 /* Swift Challenge.app */;
			productType = "com.apple.product-type.application";
		};
		69A6A251232376E80001EA85 /* Swift ChallengeTests */ = {
			isa = PBXNativeTarget;
			buildConfigurationList = 69A6A269232376E80001EA85 /* Build configuration list for PBXNativeTarget "Swift ChallengeTests" */;
			buildPhases = (
				69A6A24E232376E80001EA85 /* Sources */,
				69A6A24F232376E80001EA85 /* Frameworks */,
				69A6A250232376E80001EA85 /* Resources */,
			);
			buildRules = (
			);
			dependencies = (
				69A6A254232376E80001EA85 /* PBXTargetDependency */,
			);
			name = "Swift ChallengeTests";
			productName = "Swift ChallengeTests";
			productReference = 69A6A252232376E80001EA85 /* Swift ChallengeTests.xctest */;
			productType = "com.apple.product-type.bundle.unit-test";
		};
		69A6A25C232376E80001EA85 /* Swift ChallengeUITests */ = {
			isa = PBXNativeTarget;
			buildConfigurationList = 69A6A26C232376E80001EA85 /* Build configuration list for PBXNativeTarget "Swift ChallengeUITests" */;
			buildPhases = (
				69A6A259232376E80001EA85 /* Sources */,
				69A6A25A232376E80001EA85 /* Frameworks */,
				69A6A25B232376E80001EA85 /* Resources */,
			);
			buildRules = (
			);
			dependencies = (
				69A6A25F232376E80001EA85 /* PBXTargetDependency */,
			);
			name = "Swift ChallengeUITests";
			productName = "Swift ChallengeUITests";
			productReference = 69A6A25D232376E80001EA85 /* Swift ChallengeUITests.xctest */;
			productType = "com.apple.product-type.bundle.ui-testing";
		};
/* End PBXNativeTarget section */

/* Begin PBXProject section */
		69A6A236232376E60001EA85 /* Project object */ = {
			isa = PBXProject;
			attributes = {
				LastSwiftUpdateCheck = 1030;
				LastUpgradeCheck = 1030;
				ORGANIZATIONNAME = "Dina Adel";
				TargetAttributes = {
					69A6A23D232376E60001EA85 = {
						CreatedOnToolsVersion = 10.3;
					};
					69A6A251232376E80001EA85 = {
						CreatedOnToolsVersion = 10.3;
						TestTargetID = 69A6A23D232376E60001EA85;
					};
					69A6A25C232376E80001EA85 = {
						CreatedOnToolsVersion = 10.3;
						TestTargetID = 69A6A23D232376E60001EA85;
					};
				};
			};
			buildConfigurationList = 69A6A239232376E60001EA85 /* Build configuration list for PBXProject "Swift Challenge" */;
			compatibilityVersion = "Xcode 9.3";
			developmentRegion = en;
			hasScannedForEncodings = 0;
			knownRegions = (
				en,
				Base,
			);
			mainGroup = 69A6A235232376E60001EA85;
			productRefGroup = 69A6A23F232376E60001EA85 /* Products */;
			projectDirPath = "";
			projectRoot = "";
			targets = (
				69A6A23D232376E60001EA85 /* Swift Challenge */,
				69A6A251232376E80001EA85 /* Swift ChallengeTests */,
				69A6A25C232376E80001EA85 /* Swift ChallengeUITests */,
			);
		};
/* End PBXProject section */

/* Begin PBXResourcesBuildPhase section */
		69A6A23C232376E60001EA85 /* Resources */ = {
			isa = PBXResourcesBuildPhase;
			buildActionMask = 2147483647;
			files = (
				69A6A24C232376E80001EA85 /* LaunchScreen.storyboard in Resources */,
				69A6A249232376E80001EA85 /* Assets.xcassets in Resources */,
				69A6A247232376E60001EA85 /* Main.storyboard in Resources */,
			);
			runOnlyForDeploymentPostprocessing = 0;
		};
		69A6A250232376E80001EA85 /* Resources */ = {
			isa = PBXResourcesBuildPhase;
			buildActionMask = 2147483647;
			files = (
			);
			runOnlyForDeploymentPostprocessing = 0;
		};
		69A6A25B232376E80001EA85 /* Resources */ = {
			isa = PBXResourcesBuildPhase;
			buildActionMask = 2147483647;
			files = (
			);
			runOnlyForDeploymentPostprocessing = 0;
		};
/* End PBXResourcesBuildPhase section */

/* Begin PBXSourcesBuildPhase section */
		69A6A23A232376E60001EA85 /* Sources */ = {
			isa = PBXSourcesBuildPhase;
			buildActionMask = 2147483647;
			files = (
				69A6A244232376E60001EA85 /* ViewController.swift in Sources */,
				69A6A242232376E60001EA85 /* AppDelegate.swift in Sources */,
			);
			runOnlyForDeploymentPostprocessing = 0;
		};
		69A6A24E232376E80001EA85 /* Sources */ = {
			isa = PBXSourcesBuildPhase;
			buildActionMask = 2147483647;
			files = (
				69A6A257232376E80001EA85 /* Swift_ChallengeTests.swift in Sources */,
			);
			runOnlyForDeploymentPostprocessing = 0;
		};
		69A6A259232376E80001EA85 /* Sources */ = {
			isa = PBXSourcesBuildPhase;
			buildActionMask = 2147483647;
			files = (
				69A6A262232376E80001EA85 /* Swift_ChallengeUITests.swift in Sources */,
			);
			runOnlyForDeploymentPostprocessing = 0;
		};
/* End PBXSourcesBuildPhase section */

/* Begin PBXTargetDependency section */
		69A6A254232376E80001EA85 /* PBXTargetDependency */ = {
			isa = PBXTargetDependency;
			target = 69A6A23D232376E60001EA85 /* Swift Challenge */;
			targetProxy = 69A6A253232376E80001EA85 /* PBXContainerItemProxy */;
		};
		69A6A25F232376E80001EA85 /* PBXTargetDependency */ = {
			isa = PBXTargetDependency;
			target = 69A6A23D232376E60001EA85 /* Swift Challenge */;
			targetProxy = 69A6A25E232376E80001EA85 /* PBXContainerItemProxy */;
		};
/* End PBXTargetDependency section */

/* Begin PBXVariantGroup section */
		69A6A245232376E60001EA85 /* Main.storyboard */ = {
			isa = PBXVariantGroup;
			children = (
				69A6A246232376E60001EA85 /* Base */,
			);
			name = Main.storyboard;
			sourceTree = "<group>";
		};
		69A6A24A232376E80001EA85 /* LaunchScreen.storyboard */ = {
			isa = PBXVariantGroup;
			children = (
				69A6A24B232376E80001EA85 /* Base */,
			);
			name = LaunchScreen.storyboard;
			sourceTree = "<group>";
		};
/* End PBXVariantGroup section */

/* Begin XCBuildConfiguration section */
		69A6A264232376E80001EA85 /* Debug */ = {
			isa = XCBuildConfiguration;
			buildSettings = {
				ALWAYS_SEARCH_USER_PATHS = NO;
				CLANG_ANALYZER_NONNULL = YES;
				CLANG_ANALYZER_NUMBER_OBJECT_CONVERSION = YES_AGGRESSIVE;
				CLANG_CXX_LANGUAGE_STANDARD = "gnu++14";
				CLANG_CXX_LIBRARY = "libc++";
				CLANG_ENABLE_MODULES = YES;
				CLANG_ENABLE_OBJC_ARC = YES;
				CLANG_ENABLE_OBJC_WEAK = YES;
				CLANG_WARN_BLOCK_CAPTURE_AUTORELEASING = YES;
				CLANG_WARN_BOOL_CONVERSION = YES;
				CLANG_WARN_COMMA = YES;
				CLANG_WARN_CONSTANT_CONVERSION = YES;
				CLANG_WARN_DEPRECATED_OBJC_IMPLEMENTATIONS = YES;
				CLANG_WARN_DIRECT_OBJC_ISA_USAGE = YES_ERROR;
				CLANG_WARN_DOCUMENTATION_COMMENTS = YES;
				CLANG_WARN_EMPTY_BODY = YES;
				CLANG_WARN_ENUM_CONVERSION = YES;
				CLANG_WARN_INFINITE_RECURSION = YES;
				CLANG_WARN_INT_CONVERSION = YES;
				CLANG_WARN_NON_LITERAL_NULL_CONVERSION = YES;
				CLANG_WARN_OBJC_IMPLICIT_RETAIN_SELF = YES;
				CLANG_WARN_OBJC_LITERAL_CONVERSION = YES;
				CLANG_WARN_OBJC_ROOT_CLASS = YES_ERROR;
				CLANG_WARN_RANGE_LOOP_ANALYSIS = YES;
				CLANG_WARN_STRICT_PROTOTYPES = YES;
				CLANG_WARN_SUSPICIOUS_MOVE = YES;
				CLANG_WARN_UNGUARDED_AVAILABILITY = YES_AGGRESSIVE;
				CLANG_WARN_UNREACHABLE_CODE = YES;
				CLANG_WARN__DUPLICATE_METHOD_MATCH = YES;
				CODE_SIGN_IDENTITY = "iPhone Developer";
				COPY_PHASE_STRIP = NO;
				DEBUG_INFORMATION_FORMAT = dwarf;
				ENABLE_STRICT_OBJC_MSGSEND = YES;
				ENABLE_TESTABILITY = YES;
				GCC_C_LANGUAGE_STANDARD = gnu11;
				GCC_DYNAMIC_NO_PIC = NO;
				GCC_NO_COMMON_BLOCKS = YES;
				GCC_OPTIMIZATION_LEVEL = 0;
				GCC_PREPROCESSOR_DEFINITIONS = (
					"DEBUG=1",
					"$(inherited)",
				);
				GCC_WARN_64_TO_32_BIT_CONVERSION = YES;
				GCC_WARN_ABOUT_RETURN_TYPE = YES_ERROR;
				GCC_WARN_UNDECLARED_SELECTOR = YES;
				GCC_WARN_UNINITIALIZED_AUTOS = YES_AGGRESSIVE;
				GCC_WARN_UNUSED_FUNCTION = YES;
				GCC_WARN_UNUSED_VARIABLE = YES;
				IPHONEOS_DEPLOYMENT_TARGET = 12.4;
				MTL_ENABLE_DEBUG_INFO = INCLUDE_SOURCE;
				MTL_FAST_MATH = YES;
				ONLY_ACTIVE_ARCH = YES;
				SDKROOT = iphoneos;
				SWIFT_ACTIVE_COMPILATION_CONDITIONS = DEBUG;
				SWIFT_OPTIMIZATION_LEVEL = "-Onone";
			};
			name = Debug;
		};
		69A6A265232376E80001EA85 /* Release */ = {
			isa = XCBuildConfiguration;
			buildSettings = {
				ALWAYS_SEARCH_USER_PATHS = NO;
				CLANG_ANALYZER_NONNULL = YES;
				CLANG_ANALYZER_NUMBER_OBJECT_CONVERSION = YES_AGGRESSIVE;
				CLANG_CXX_LANGUAGE_STANDARD = "gnu++14";
				CLANG_CXX_LIBRARY = "libc++";
				CLANG_ENABLE_MODULES = YES;
				CLANG_ENABLE_OBJC_ARC = YES;
				CLANG_ENABLE_OBJC_WEAK = YES;
				CLANG_WARN_BLOCK_CAPTURE_AUTORELEASING = YES;
				CLANG_WARN_BOOL_CONVERSION = YES;
				CLANG_WARN_COMMA = YES;
				CLANG_WARN_CONSTANT_CONVERSION = YES;
				CLANG_WARN_DEPRECATED_OBJC_IMPLEMENTATIONS = YES;
				CLANG_WARN_DIRECT_OBJC_ISA_USAGE = YES_ERROR;
				CLANG_WARN_DOCUMENTATION_COMMENTS = YES;
				CLANG_WARN_EMPTY_BODY = YES;
				CLANG_WARN_ENUM_CONVERSION = YES;
				CLANG_WARN_INFINITE_RECURSION = YES;
				CLANG_WARN_INT_CONVERSION = YES;
				CLANG_WARN_NON_LITERAL_NULL_CONVERSION = YES;
				CLANG_WARN_OBJC_IMPLICIT_RETAIN_SELF = YES;
				CLANG_WARN_OBJC_LITERAL_CONVERSION = YES;
				CLANG_WARN_OBJC_ROOT_CLASS = YES_ERROR;
				CLANG_WARN_RANGE_LOOP_ANALYSIS = YES;
				CLANG_WARN_STRICT_PROTOTYPES = YES;
				CLANG_WARN_SUSPICIOUS_MOVE = YES;
				CLANG_WARN_UNGUARDED_AVAILABILITY = YES_AGGRESSIVE;
				CLANG_WARN_UNREACHABLE_CODE = YES;
				CLANG_WARN__DUPLICATE_METHOD_MATCH = YES;
				CODE_SIGN_IDENTITY = "iPhone Developer";
				COPY_PHASE_STRIP = NO;
				DEBUG_INFORMATION_FORMAT = "dwarf-with-dsym";
				ENABLE_NS_ASSERTIONS = NO;
				ENABLE_STRICT_OBJC_MSGSEND = YES;
				GCC_C_LANGUAGE_STANDARD = gnu11;
				GCC_NO_COMMON_BLOCKS = YES;
				GCC_WARN_64_TO_32_BIT_CONVERSION = YES;
				GCC_WARN_ABOUT_RETURN_TYPE = YES_ERROR;
				GCC_WARN_UNDECLARED_SELECTOR = YES;
				GCC_WARN_UNINITIALIZED_AUTOS = YES_AGGRESSIVE;
				GCC_WARN_UNUSED_FUNCTION = YES;
				GCC_WARN_UNUSED_VARIABLE = YES;
				IPHONEOS_DEPLOYMENT_TARGET = 12.4;
				MTL_ENABLE_DEBUG_INFO = NO;
				MTL_FAST_MATH = YES;
				SDKROOT = iphoneos;
				SWIFT_COMPILATION_MODE = wholemodule;
				SWIFT_OPTIMIZATION_LEVEL = "-O";
				VALIDATE_PRODUCT = YES;
			};
			name = Release;
		};
		69A6A267232376E80001EA85 /* Debug */ = {
			isa = XCBuildConfiguration;
			buildSettings = {
				ASSETCATALOG_COMPILER_APPICON_NAME = AppIcon;
				CODE_SIGN_STYLE = Automatic;
				DEVELOPMENT_TEAM = 98P8R5A3CQ;
				INFOPLIST_FILE = "Swift Challenge/Info.plist";
				LD_RUNPATH_SEARCH_PATHS = (
					"$(inherited)",
					"@executable_path/Frameworks",
				);
				PRODUCT_BUNDLE_IDENTIFIER = "Mizzou.Swift-Challenge";
				PRODUCT_NAME = "$(TARGET_NAME)";
				SWIFT_VERSION = 5.0;
				TARGETED_DEVICE_FAMILY = "1,2";
			};
			name = Debug;
		};
		69A6A268232376E80001EA85 /* Release */ = {
			isa = XCBuildConfiguration;
			buildSettings = {
				ASSETCATALOG_COMPILER_APPICON_NAME = AppIcon;
				CODE_SIGN_STYLE = Automatic;
				DEVELOPMENT_TEAM = 98P8R5A3CQ;
				INFOPLIST_FILE = "Swift Challenge/Info.plist";
				LD_RUNPATH_SEARCH_PATHS = (
					"$(inherited)",
					"@executable_path/Frameworks",
				);
				PRODUCT_BUNDLE_IDENTIFIER = "Mizzou.Swift-Challenge";
				PRODUCT_NAME = "$(TARGET_NAME)";
				SWIFT_VERSION = 5.0;
				TARGETED_DEVICE_FAMILY = "1,2";
			};
			name = Release;
		};
		69A6A26A232376E80001EA85 /* Debug */ = {
			isa = XCBuildConfiguration;
			buildSettings = {
				ALWAYS_EMBED_SWIFT_STANDARD_LIBRARIES = YES;
				BUNDLE_LOADER = "$(TEST_HOST)";
				CODE_SIGN_STYLE = Automatic;
				DEVELOPMENT_TEAM = 98P8R5A3CQ;
				INFOPLIST_FILE = "Swift ChallengeTests/Info.plist";
				LD_RUNPATH_SEARCH_PATHS = (
					"$(inherited)",
					"@executable_path/Frameworks",
					"@loader_path/Frameworks",
				);
				PRODUCT_BUNDLE_IDENTIFIER = "Mizzou.Swift-ChallengeTests";
				PRODUCT_NAME = "$(TARGET_NAME)";
				SWIFT_VERSION = 5.0;
				TARGETED_DEVICE_FAMILY = "1,2";
				TEST_HOST = "$(BUILT_PRODUCTS_DIR)/Swift Challenge.app/Swift Challenge";
			};
			name = Debug;
		};
		69A6A26B232376E80001EA85 /* Release */ = {
			isa = XCBuildConfiguration;
			buildSettings = {
				ALWAYS_EMBED_SWIFT_STANDARD_LIBRARIES = YES;
				BUNDLE_LOADER = "$(TEST_HOST)";
				CODE_SIGN_STYLE = Automatic;
				DEVELOPMENT_TEAM = 98P8R5A3CQ;
				INFOPLIST_FILE = "Swift ChallengeTests/Info.plist";
				LD_RUNPATH_SEARCH_PATHS = (
					"$(inherited)",
					"@executable_path/Frameworks",
					"@loader_path/Frameworks",
				);
				PRODUCT_BUNDLE_IDENTIFIER = "Mizzou.Swift-ChallengeTests";
				PRODUCT_NAME = "$(TARGET_NAME)";
				SWIFT_VERSION = 5.0;
				TARGETED_DEVICE_FAMILY = "1,2";
				TEST_HOST = "$(BUILT_PRODUCTS_DIR)/Swift Challenge.app/Swift Challenge";
			};
			name = Release;
		};
		69A6A26D232376E80001EA85 /* Debug */ = {
			isa = XCBuildConfiguration;
			buildSettings = {
				ALWAYS_EMBED_SWIFT_STANDARD_LIBRARIES = YES;
				CODE_SIGN_STYLE = Automatic;
				DEVELOPMENT_TEAM = 98P8R5A3CQ;
				INFOPLIST_FILE = "Swift ChallengeUITests/Info.plist";
				LD_RUNPATH_SEARCH_PATHS = (
					"$(inherited)",
					"@executable_path/Frameworks",
					"@loader_path/Frameworks",
				);
				PRODUCT_BUNDLE_IDENTIFIER = "Mizzou.Swift-ChallengeUITests";
				PRODUCT_NAME = "$(TARGET_NAME)";
				SWIFT_VERSION = 5.0;
				TARGETED_DEVICE_FAMILY = "1,2";
				TEST_TARGET_NAME = "Swift Challenge";
			};
			name = Debug;
		};
		69A6A26E232376E80001EA85 /* Release */ = {
			isa = XCBuildConfiguration;
			buildSettings = {
				ALWAYS_EMBED_SWIFT_STANDARD_LIBRARIES = YES;
				CODE_SIGN_STYLE = Automatic;
				DEVELOPMENT_TEAM = 98P8R5A3CQ;
				INFOPLIST_FILE = "Swift ChallengeUITests/Info.plist";
				LD_RUNPATH_SEARCH_PATHS = (
					"$(inherited)",
					"@executable_path/Frameworks",
					"@loader_path/Frameworks",
				);
				PRODUCT_BUNDLE_IDENTIFIER = "Mizzou.Swift-ChallengeUITests";
				PRODUCT_NAME = "$(TARGET_NAME)";
				SWIFT_VERSION = 5.0;
				TARGETED_DEVICE_FAMILY = "1,2";
				TEST_TARGET_NAME = "Swift Challenge";
			};
			name = Release;
		};
/* End XCBuildConfiguration section */

/* Begin XCConfigurationList section */
		69A6A239232376E60001EA85 /* Build configuration list for PBXProject "Swift Challenge" */ = {
			isa = XCConfigurationList;
			buildConfigurations = (
				69A6A264232376E80001EA85 /* Debug */,
				69A6A265232376E80001EA85 /* Release */,
			);
			defaultConfigurationIsVisible = 0;
			defaultConfigurationName = Release;
		};
		69A6A266232376E80001EA85 /* Build configuration list for PBXNativeTarget "Swift Challenge" */ = {
			isa = XCConfigurationList;
			buildConfigurations = (
				69A6A267232376E80001EA85 /* Debug */,
				69A6A268232376E80001EA85 /* Release */,
			);
			defaultConfigurationIsVisible = 0;
			defaultConfigurationName = Release;
		};
		69A6A269232376E80001EA85 /* Build configuration list for PBXNativeTarget "Swift ChallengeTests" */ = {
			isa = XCConfigurationList;
			buildConfigurations = (
				69A6A26A232376E80001EA85 /* Debug */,
				69A6A26B232376E80001EA85 /* Release */,
			);
			defaultConfigurationIsVisible = 0;
			defaultConfigurationName = Release;
		};
		69A6A26C232376E80001EA85 /* Build configuration list for PBXNativeTarget "Swift ChallengeUITests" */ = {
			isa = XCConfigurationList;
			buildConfigurations = (
				69A6A26D232376E80001EA85 /* Debug */,
				69A6A26E232376E80001EA85 /* Release */,
			);
			defaultConfigurationIsVisible = 0;
			defaultConfigurationName = Release;
		};
/* End XCConfigurationList section */
	};
	rootObject = 69A6A236232376E60001EA85 /* Project object */;
}
